
Microsoft Visual Studio Solution File, Format Version 12.00
# Visual Studio Version 16
VisualStudioVersion = 16.0.28714.193
MinimumVisualStudioVersion = 10.0.40219.1
Project("{9A19103F-16F7-4668-BE54-9A1E7A4F7556}") = "CosmosDbSimulator", "CosmosDbSimulator\CosmosDbSimulator.csproj", "{3D4D17B1-ADCE-41FB-851B-76BF7A7C41CD}"
EndProject
Project("{9A19103F-16F7-4668-BE54-9A1E7A4F7556}") = "CosmosDbCleanUp", "CosmosDbCleanUp\CosmosDbCleanUp.csproj", "{C0A7D2B6-CB39-425B-ACB9-D37ECC5418B7}"
EndProject
Global
	GlobalSection(SolutionConfigurationPlatforms) = preSolution
		Debug|Any CPU = Debug|Any CPU
		Release|Any CPU = Release|Any CPU
	EndGlobalSection
	GlobalSection(ProjectConfigurationPlatforms) = postSolution
		{3D4D17B1-ADCE-41FB-851B-76BF7A7C41CD}.Debug|Any CPU.ActiveCfg = Debug|Any CPU
		{3D4D17B1-ADCE-41FB-851B-76BF7A7C41CD}.Debug|Any CPU.Build.0 = Debug|Any CPU
		{3D4D17B1-ADCE-41FB-851B-76BF7A7C41CD}.Release|Any CPU.ActiveCfg = Release|Any CPU
		{3D4D17B1-ADCE-41FB-851B-76BF7A7C41CD}.Release|Any CPU.Build.0 = Release|Any CPU
		{C0A7D2B6-CB39-425B-ACB9-D37ECC5418B7}.Debug|Any CPU.ActiveCfg = Debug|Any CPU
		{C0A7D2B6-CB39-425B-ACB9-D37ECC5418B7}.Debug|Any CPU.Build.0 = Debug|Any CPU
		{C0A7D2B6-CB39-425B-ACB9-D37ECC5418B7}.Release|Any CPU.ActiveCfg = Release|Any CPU
		{C0A7D2B6-CB39-425B-ACB9-D37ECC5418B7}.Release|Any CPU.Build.0 = Release|Any CPU
	EndGlobalSection
	GlobalSection(SolutionProperties) = preSolution
		HideSolutionNode = FALSE
	EndGlobalSection
	GlobalSection(ExtensibilityGlobals) = postSolution
		SolutionGuid = {0F1795D9-ABAA-4090-969B-E100CE5A9FA2}
	EndGlobalSection
EndGlobal
